
Microsoft Visual Studio Solution File, Format Version 12.00
# Visual Studio Version 17
VisualStudioVersion = 17.0.31903.59
MinimumVisualStudioVersion = 10.0.40219.1
Project("{FAE04EC0-301F-11D3-BF4B-00C04F79EFBC}") = "WpfTeste1", "WpfTeste1.csproj", "{546BFF7D-D391-4A1A-9A54-E99A1AC028F4}"
EndProject
Global
	GlobalSection(SolutionConfigurationPlatforms) = preSolution
		Debug|Any CPU = Debug|Any CPU
		Release|Any CPU = Release|Any CPU
	EndGlobalSection
	GlobalSection(ProjectConfigurationPlatforms) = postSolution
		{546BFF7D-D391-4A1A-9A54-E99A1AC028F4}.Debug|Any CPU.ActiveCfg = Debug|Any CPU
		{546BFF7D-D391-4A1A-9A54-E99A1AC028F4}.Debug|Any CPU.Build.0 = Debug|Any CPU
		{546BFF7D-D391-4A1A-9A54-E99A1AC028F4}.Release|Any CPU.ActiveCfg = Release|Any CPU
		{546BFF7D-D391-4A1A-9A54-E99A1AC028F4}.Release|Any CPU.Build.0 = Release|Any CPU
	EndGlobalSection
	GlobalSection(SolutionProperties) = preSolution
		HideSolutionNode = FALSE
	EndGlobalSection
	GlobalSection(ExtensibilityGlobals) = postSolution
		SolutionGuid = {76CCAFE2-F4F6-484A-A451-BB6D21940CFC}
	EndGlobalSection
EndGlobal
